
Microsoft Visual Studio Solution File, Format Version 12.00
# Visual Studio Version 17
VisualStudioVersion = 17.14.36623.8
MinimumVisualStudioVersion = 10.0.40219.1
Project("{8BC9CEB8-8B4A-11D0-8D11-00A0C91BC942}") = "GridControl", "GridControl\GridControl.vcxproj", "{7CBEF75B-F90C-44D6-8D12-C8844191EEBF}"
EndProject
Project("{8BC9CEB8-8B4A-11D0-8D11-00A0C91BC942}") = "services", "g00_services\services.vcxproj", "{60B982CB-006F-42BF-B4F5-3B35DC95945C}"
EndProject
Project("{8BC9CEB8-8B4A-11D0-8D11-00A0C91BC942}") = "SNMPAppErrorReporting", "SNMPAppErrorReporting\SNMPAppErrorReporting.vcxproj", "{B2F7E452-5907-4549-9265-7E2C30DBE370}"
EndProject
Project("{8BC9CEB8-8B4A-11D0-8D11-00A0C91BC942}") = "GPI Trigger", "GPI Trigger (PCI)\GPI Trigger (PCI).vcxproj", "{B6EB2113-35C6-4929-912F-2294929D5148}"
EndProject
Global
	GlobalSection(SolutionConfigurationPlatforms) = preSolution
		Debug|x86 = Debug|x86
		Release|x86 = Release|x86
	EndGlobalSection
	GlobalSection(ProjectConfigurationPlatforms) = postSolution
		{7CBEF75B-F90C-44D6-8D12-C8844191EEBF}.Debug|x86.ActiveCfg = Debug|Win32
		{7CBEF75B-F90C-44D6-8D12-C8844191EEBF}.Debug|x86.Build.0 = Debug|Win32
		{7CBEF75B-F90C-44D6-8D12-C8844191EEBF}.Release|x86.ActiveCfg = Release|Win32
		{7CBEF75B-F90C-44D6-8D12-C8844191EEBF}.Release|x86.Build.0 = Release|Win32
		{60B982CB-006F-42BF-B4F5-3B35DC95945C}.Debug|x86.ActiveCfg = Debug|Win32
		{60B982CB-006F-42BF-B4F5-3B35DC95945C}.Debug|x86.Build.0 = Debug|Win32
		{60B982CB-006F-42BF-B4F5-3B35DC95945C}.Release|x86.ActiveCfg = Release|Win32
		{60B982CB-006F-42BF-B4F5-3B35DC95945C}.Release|x86.Build.0 = Release|Win32
		{B2F7E452-5907-4549-9265-7E2C30DBE370}.Debug|x86.ActiveCfg = Debug|Win32
		{B2F7E452-5907-4549-9265-7E2C30DBE370}.Debug|x86.Build.0 = Debug|Win32
		{B2F7E452-5907-4549-9265-7E2C30DBE370}.Release|x86.ActiveCfg = Release|Win32
		{B2F7E452-5907-4549-9265-7E2C30DBE370}.Release|x86.Build.0 = Release|Win32
		{B6EB2113-35C6-4929-912F-2294929D5148}.Debug|x86.ActiveCfg = Debug|Win32
		{B6EB2113-35C6-4929-912F-2294929D5148}.Debug|x86.Build.0 = Debug|Win32
		{B6EB2113-35C6-4929-912F-2294929D5148}.Release|x86.ActiveCfg = Release|Win32
		{B6EB2113-35C6-4929-912F-2294929D5148}.Release|x86.Build.0 = Release|Win32
	EndGlobalSection
	GlobalSection(SolutionProperties) = preSolution
		HideSolutionNode = FALSE
	EndGlobalSection
	GlobalSection(ExtensibilityGlobals) = postSolution
		SolutionGuid = {10119FA5-7A06-49BA-8D2D-FB86104DAC95}
	EndGlobalSection
EndGlobal
