<?xml version="1.0" encoding="utf-8"?>
<Project ToolsVersion="4.0" xmlns="http://schemas.microsoft.com/developer/msbuild/2003">
  <ItemGroup>
    <Filter Include="Source Files">
      <UniqueIdentifier>{b95528b0-475a-4aa6-92fc-7f66b22a61a9}</UniqueIdentifier>
      <Extensions>cpp;c;cxx;rc;def;r;odl;hpj;bat;for;f90</Extensions>
    </Filter>
    <Filter Include="Header Files">
      <UniqueIdentifier>{9c48317a-b531-4a9f-bd22-c4a209a7edca}</UniqueIdentifier>
      <Extensions>h;hpp;hxx;hm;inl;fi;fd</Extensions>
    </Filter>
    <Filter Include="Resource Files">
      <UniqueIdentifier>{9e61eb7e-0229-4119-acc6-7656d31c4848}</UniqueIdentifier>
      <Extensions>ico;cur;bmp;dlg;rc2;rct;bin;cnt;rtf;gif;jpg;jpeg;jpe</Extensions>
    </Filter>
  </ItemGroup>
  <ItemGroup>
    <ClCompile Include="g00_process_registry.cpp">
      <Filter>Source Files</Filter>
    </ClCompile>
    <ClCompile Include="g01_debug_logging.cpp">
      <Filter>Source Files</Filter>
    </ClCompile>
    <ClCompile Include="g01_event_logging.cpp">
      <Filter>Source Files</Filter>
    </ClCompile>
    <ClCompile Include="g02_datetime.cpp">
      <Filter>Source Files</Filter>
    </ClCompile>
    <ClCompile Include="g02_datetime_span.cpp">
      <Filter>Source Files</Filter>
    </ClCompile>
    <ClCompile Include="g02_find_field.cpp">
      <Filter>Source Files</Filter>
    </ClCompile>
    <ClCompile Include="g02_systemtime.cpp">
      <Filter>Source Files</Filter>
    </ClCompile>
    <ClCompile Include="g02_timeout_control.cpp">
      <Filter>Source Files</Filter>
    </ClCompile>
    <ClCompile Include="g02_timer.cpp">
      <Filter>Source Files</Filter>
    </ClCompile>
    <ClCompile Include="g02_timer_id.cpp">
      <Filter>Source Files</Filter>
    </ClCompile>
    <ClCompile Include="g02_timer_thread.cpp">
      <Filter>Source Files</Filter>
    </ClCompile>
    <ClCompile Include="g03_access_control.cpp">
      <Filter>Source Files</Filter>
    </ClCompile>
    <ClCompile Include="g03_heap.cpp">
      <Filter>Source Files</Filter>
    </ClCompile>
    <ClCompile Include="g03_partition_ctrl.cpp">
      <Filter>Source Files</Filter>
    </ClCompile>
    <ClCompile Include="g03_shared_memory.cpp">
      <Filter>Source Files</Filter>
    </ClCompile>
    <ClCompile Include="g04_CmdLineInfo.cpp">
      <Filter>Source Files</Filter>
    </ClCompile>
    <ClCompile Include="HashCString.cpp">
      <Filter>Source Files</Filter>
    </ClCompile>
    <ClCompile Include="initialise_dll.cpp">
      <Filter>Source Files</Filter>
    </ClCompile>
    <ClCompile Include="ioctrl.cpp">
      <Filter>Source Files</Filter>
    </ClCompile>
    <ClCompile Include="ioctrl_pc272e.cpp">
      <Filter>Source Files</Filter>
    </ClCompile>
    <ClCompile Include="ipc.cpp">
      <Filter>Source Files</Filter>
    </ClCompile>
    <ClCompile Include="ipq.cpp">
      <Filter>Source Files</Filter>
    </ClCompile>
    <ClCompile Include="ipq_info.cpp">
      <Filter>Source Files</Filter>
    </ClCompile>
    <ClCompile Include="ipq_msg_list.cpp">
      <Filter>Source Files</Filter>
    </ClCompile>
    <ClCompile Include="iprq.cpp">
      <Filter>Source Files</Filter>
    </ClCompile>
    <ClCompile Include="ipwq.cpp">
      <Filter>Source Files</Filter>
    </ClCompile>
    <ClCompile Include="itc.cpp">
      <Filter>Source Files</Filter>
    </ClCompile>
    <ClCompile Include="itc_heap_dump.cpp">
      <Filter>Source Files</Filter>
    </ClCompile>
    <ClCompile Include="itq.cpp">
      <Filter>Source Files</Filter>
    </ClCompile>
    <ClCompile Include="itq_info.cpp">
      <Filter>Source Files</Filter>
    </ClCompile>
    <ClCompile Include="itq_msg_list.cpp">
      <Filter>Source Files</Filter>
    </ClCompile>
    <ClCompile Include="itrq.cpp">
      <Filter>Source Files</Filter>
    </ClCompile>
    <ClCompile Include="itwq.cpp">
      <Filter>Source Files</Filter>
    </ClCompile>
    <ClCompile Include="services.cpp">
      <Filter>Source Files</Filter>
    </ClCompile>
    <ClCompile Include="StdAfx.cpp">
      <Filter>Source Files</Filter>
    </ClCompile>
    <ClCompile Include="timer_info.cpp">
      <Filter>Source Files</Filter>
    </ClCompile>
  </ItemGroup>
  <ItemGroup>
    <ClInclude Include="comms_event_codes.h">
      <Filter>Header Files</Filter>
    </ClInclude>
    <ClInclude Include="..\include\devioctl.h">
      <Filter>Header Files</Filter>
    </ClInclude>
    <ClInclude Include="..\include\G00.h">
      <Filter>Header Files</Filter>
    </ClInclude>
    <ClInclude Include="..\include\g00_process_registry.h">
      <Filter>Header Files</Filter>
    </ClInclude>
    <ClInclude Include="..\include\g01_debug_logging.h">
      <Filter>Header Files</Filter>
    </ClInclude>
    <ClInclude Include="..\include\g01_event_logging.h">
      <Filter>Header Files</Filter>
    </ClInclude>
    <ClInclude Include="..\include\G02.h">
      <Filter>Header Files</Filter>
    </ClInclude>
    <ClInclude Include="..\include\g02_datetime.h">
      <Filter>Header Files</Filter>
    </ClInclude>
    <ClInclude Include="..\include\g02_datetime_span.h">
      <Filter>Header Files</Filter>
    </ClInclude>
    <ClInclude Include="g02_find_field.h">
      <Filter>Header Files</Filter>
    </ClInclude>
    <ClInclude Include="g02_systemtime.h">
      <Filter>Header Files</Filter>
    </ClInclude>
    <ClInclude Include="..\include\g02_timeout_control.h">
      <Filter>Header Files</Filter>
    </ClInclude>
    <ClInclude Include="..\include\g02_timer.h">
      <Filter>Header Files</Filter>
    </ClInclude>
    <ClInclude Include="..\include\g02_timer_id.h">
      <Filter>Header Files</Filter>
    </ClInclude>
    <ClInclude Include="..\include\g03_access_control.h">
      <Filter>Header Files</Filter>
    </ClInclude>
    <ClInclude Include="g03_event_codes.h">
      <Filter>Header Files</Filter>
    </ClInclude>
    <ClInclude Include="..\include\g03_heap.h">
      <Filter>Header Files</Filter>
    </ClInclude>
    <ClInclude Include="..\include\g03_partition_ctrl.h">
      <Filter>Header Files</Filter>
    </ClInclude>
    <ClInclude Include="..\include\g03_shared_memory.h">
      <Filter>Header Files</Filter>
    </ClInclude>
    <ClInclude Include="..\include\g03_types.h">
      <Filter>Header Files</Filter>
    </ClInclude>
    <ClInclude Include="..\include\g04_CmdLineInfo.h">
      <Filter>Header Files</Filter>
    </ClInclude>
    <ClInclude Include="..\Include\HashCString.h">
      <Filter>Header Files</Filter>
    </ClInclude>
    <ClInclude Include="ioctrl.h">
      <Filter>Header Files</Filter>
    </ClInclude>
    <ClInclude Include="ioctrl_pc272e.h">
      <Filter>Header Files</Filter>
    </ClInclude>
    <ClInclude Include="ioctrl_pc272e_types.h">
      <Filter>Header Files</Filter>
    </ClInclude>
    <ClInclude Include="..\include\ipc.h">
      <Filter>Header Files</Filter>
    </ClInclude>
    <ClInclude Include="..\include\ipq.h">
      <Filter>Header Files</Filter>
    </ClInclude>
    <ClInclude Include="ipq_info.h">
      <Filter>Header Files</Filter>
    </ClInclude>
    <ClInclude Include="ipq_msg_list.h">
      <Filter>Header Files</Filter>
    </ClInclude>
    <ClInclude Include="..\include\ipq_types.h">
      <Filter>Header Files</Filter>
    </ClInclude>
    <ClInclude Include="..\include\iprq.h">
      <Filter>Header Files</Filter>
    </ClInclude>
    <ClInclude Include="..\include\ipwq.h">
      <Filter>Header Files</Filter>
    </ClInclude>
    <ClInclude Include="..\include\itc.h">
      <Filter>Header Files</Filter>
    </ClInclude>
    <ClInclude Include="itc_heap_info.h">
      <Filter>Header Files</Filter>
    </ClInclude>
    <ClInclude Include="..\include\itq.h">
      <Filter>Header Files</Filter>
    </ClInclude>
    <ClInclude Include="itq_info.h">
      <Filter>Header Files</Filter>
    </ClInclude>
    <ClInclude Include="itq_msg_list.h">
      <Filter>Header Files</Filter>
    </ClInclude>
    <ClInclude Include="..\include\itq_types.h">
      <Filter>Header Files</Filter>
    </ClInclude>
    <ClInclude Include="..\include\itrq.h">
      <Filter>Header Files</Filter>
    </ClInclude>
    <ClInclude Include="..\include\itwq.h">
      <Filter>Header Files</Filter>
    </ClInclude>
    <ClInclude Include="..\include\Message ID Bases.h">
      <Filter>Header Files</Filter>
    </ClInclude>
    <ClInclude Include="..\include\portable_types.h">
      <Filter>Header Files</Filter>
    </ClInclude>
    <ClInclude Include="services.h">
      <Filter>Header Files</Filter>
    </ClInclude>
    <ClInclude Include="..\include\standard.h">
      <Filter>Header Files</Filter>
    </ClInclude>
    <ClInclude Include="..\include\StdAfx.h">
      <Filter>Header Files</Filter>
    </ClInclude>
    <ClInclude Include="thread_info.h">
      <Filter>Header Files</Filter>
    </ClInclude>
    <ClInclude Include="timer_info.h">
      <Filter>Header Files</Filter>
    </ClInclude>
    <ClInclude Include="timer_thread.h">
      <Filter>Header Files</Filter>
    </ClInclude>
  </ItemGroup>
  <ItemGroup>
    <CustomBuild Include="services.def">
      <Filter>Source Files</Filter>
    </CustomBuild>
    <CustomBuild Include="services_dbg.def">
      <Filter>Source Files</Filter>
    </CustomBuild>
  </ItemGroup>
</Project>