<?xml version="1.0" encoding="utf-8"?>
<Project ToolsVersion="4.0" xmlns="http://schemas.microsoft.com/developer/msbuild/2003">
  <ItemGroup>
    <Filter Include="Source Files">
      <UniqueIdentifier>{12c6d0dc-8382-4c91-b8dc-1264ed976777}</UniqueIdentifier>
      <Extensions>cpp;c;cxx;rc;def;r;odl;idl;hpj;bat</Extensions>
    </Filter>
    <Filter Include="Header Files">
      <UniqueIdentifier>{c1d1c195-aa7d-4fd3-965d-53ccb4d834e8}</UniqueIdentifier>
      <Extensions>h;hpp;hxx;hm;inl</Extensions>
    </Filter>
    <Filter Include="Resource Files">
      <UniqueIdentifier>{7aeb4ee7-43fa-4ec4-8dba-822beace2a86}</UniqueIdentifier>
      <Extensions>ico;cur;bmp;dlg;rc2;rct;bin;rgs;gif;jpg;jpeg;jpe</Extensions>
    </Filter>
  </ItemGroup>
  <ItemGroup>
    <ClCompile Include="SCReportError.cpp">
      <Filter>Source Files</Filter>
    </ClCompile>
    <ClCompile Include="SNMPErrorReporting.cpp">
      <Filter>Source Files</Filter>
    </ClCompile>
    <ClCompile Include="SNMPMIBParameters.cpp">
      <Filter>Source Files</Filter>
    </ClCompile>
    <ClCompile Include="StdAfx.cpp">
      <Filter>Source Files</Filter>
    </ClCompile>
  </ItemGroup>
  <ItemGroup>
    <ClInclude Include="Resource.h">
      <Filter>Header Files</Filter>
    </ClInclude>
    <ClInclude Include="SCReportError.h">
      <Filter>Header Files</Filter>
    </ClInclude>
    <ClInclude Include="SD_SNMPSpecificInfo.h">
      <Filter>Header Files</Filter>
    </ClInclude>
    <ClInclude Include="SD_SNMPVariableDefinitions.h">
      <Filter>Header Files</Filter>
    </ClInclude>
    <ClInclude Include="SNMPErrorReporting.h">
      <Filter>Header Files</Filter>
    </ClInclude>
    <ClInclude Include="SNMPMIBParameters.h">
      <Filter>Header Files</Filter>
    </ClInclude>
    <ClInclude Include="StdAfx.h">
      <Filter>Header Files</Filter>
    </ClInclude>
  </ItemGroup>
</Project>